
Microsoft Visual Studio Solution File, Format Version 12.00
# Visual Studio Version 17
VisualStudioVersion = 17.2.32602.215
MinimumVisualStudioVersion = 10.0.40219.1
Project("{FAE04EC0-301F-11D3-BF4B-00C04F79EFBC}") = "Eclerx.Question1.RiteshKumar", "Eclerx.Question1.RiteshKumar\Eclerx.Question1.RiteshKumar.csproj", "{A7C60F9F-7E1F-4690-9BF4-BA06E56A1327}"
EndProject
Global
	GlobalSection(SolutionConfigurationPlatforms) = preSolution
		Debug|Any CPU = Debug|Any CPU
		Release|Any CPU = Release|Any CPU
	EndGlobalSection
	GlobalSection(ProjectConfigurationPlatforms) = postSolution
		{A7C60F9F-7E1F-4690-9BF4-BA06E56A1327}.Debug|Any CPU.ActiveCfg = Debug|Any CPU
		{A7C60F9F-7E1F-4690-9BF4-BA06E56A1327}.Debug|Any CPU.Build.0 = Debug|Any CPU
		{A7C60F9F-7E1F-4690-9BF4-BA06E56A1327}.Release|Any CPU.ActiveCfg = Release|Any CPU
		{A7C60F9F-7E1F-4690-9BF4-BA06E56A1327}.Release|Any CPU.Build.0 = Release|Any CPU
	EndGlobalSection
	GlobalSection(SolutionProperties) = preSolution
		HideSolutionNode = FALSE
	EndGlobalSection
	GlobalSection(ExtensibilityGlobals) = postSolution
		SolutionGuid = {660C4C16-0C15-47EC-AD65-E3471A642630}
	EndGlobalSection
EndGlobal
